<Solution>
  <Folder Name="/Api/">
    <Project Path="Api/AeroVeloz.Api/AeroVeloz.Api.csproj" />
  </Folder>
  <Folder Name="/core/">
    <Project Path="Core/AeroVeloz.Application/AeroVeloz.Application.csproj" />
    <Project Path="Core/AeroVeloz.Domain/AeroVeloz.Domain.csproj" />
  </Folder>
  <Folder Name="/Infraestructure/">
    <Project Path="Infraestructure/AeroVeloz.Infraestructure/AeroVeloz.Infraestructure.csproj" />
  </Folder>
  <Folder Name="/IOC/">
    <Project Path="../Users/hxdes/source/repos/aeroVeloz.IOC/aeroVeloz.IOC.csproj" Id="da3a5123-603c-4cc5-84ca-21365247389c" />
  </Folder>
  <Folder Name="/presentacion/">
    <Project Path="Presentacion/AeroVeloz.Web/AeroVeloz.Web.csproj" />
  </Folder>
  <Folder Name="/Transversal/">
    <Project Path="Transversal/AeroVeloz.Transversal/AeroVeloz.Transversal.csproj" Id="38de2245-eb9e-404f-896f-188278cf4c35" />
  </Folder>
  <Folder Name="/Tests/">
    <Project Path="Tests/AeroVeloz.Infrastructure.Tests/AeroVeloz.Infrastructure.Tests.csproj" />
  </Folder>
</Solution>
