<Solution>
  <Folder Name="/Api/">
    <Project Path="Api/AeroVeloz.Api/AeroVeloz.Api.csproj" />
  </Folder>
  <Folder Name="/core/">
    <Project Path="Core/AeroVeloz.Application/AeroVeloz.Application.csproj" />
    <Project Path="Core/AeroVeloz.Domain/AeroVeloz.Domain.csproj" />
  </Folder>
  <Folder Name="/Infraestructure/">
    <Project Path="Infraestructure/AeroVeloz.Infraestructure/AeroVeloz.Infraestructure.csproj" />
  </Folder>
  <Folder Name="/IOC/">

    <Project Path="IOC/AeroVeloz.IOC/AeroVeloz.IOC.csproj" Id="68225d75-9648-4d73-b8d0-0c7a9445cb20" />

  </Folder>
  <Folder Name="/presentacion/">
    <Project Path="Presentacion/AeroVeloz.Web/AeroVeloz.Web.csproj" />
  </Folder>

  <Folder Name="/Transversal/">
    <Project Path="Transversal/AeroVeloz.Transversal/AeroVeloz.Transversal.csproj" Id="38de2245-eb9e-404f-896f-188278cf4c35" />
  </Folder>
</Solution>
